// !$*UTF8*$!
{
	archiveVersion = 1;
	classes = {
	};
	objectVersion = 46;
	objects = {

/* Begin PBXBuildFile section */
		B2F7622A1A8304370085B5CF /* main.m in Sources */ = {isa = PBXBuildFile; fileRef = B2F762291A8304370085B5CF /* main.m */; };
		B2F7622D1A8304370085B5CF /* AppDelegate.m in Sources */ = {isa = PBXBuildFile; fileRef = B2F7622C1A8304370085B5CF /* AppDelegate.m */; };
		B2F762301A8304370085B5CF /* ViewController.m in Sources */ = {isa = PBXBuildFile; fileRef = B2F7622F1A8304370085B5CF /* ViewController.m */; };
		B2F762331A8304370085B5CF /* Main.storyboard in Resources */ = {isa = PBXBuildFile; fileRef = B2F762311A8304370085B5CF /* Main.storyboard */; };
		B2F762351A8304370085B5CF /* Images.xcassets in Resources */ = {isa = PBXBuildFile; fileRef = B2F762341A8304370085B5CF /* Images.xcassets */; };
		B2F762381A8304370085B5CF /* LaunchScreen.xib in Resources */ = {isa = PBXBuildFile; fileRef = B2F762361A8304370085B5CF /* LaunchScreen.xib */; };
		B2F762441A8304370085B5CF /* RottenTomatoesTests.m in Sources */ = {isa = PBXBuildFile; fileRef = B2F762431A8304370085B5CF /* RottenTomatoesTests.m */; };
/* End PBXBuildFile section */

/* Begin PBXContainerItemProxy section */
		B2F7623E1A8304370085B5CF /* PBXContainerItemProxy */ = {
			isa = PBXContainerItemProxy;
			containerPortal = B2F7621C1A8304360085B5CF /* Project object */;
			proxyType = 1;
			remoteGlobalIDString = B2F762231A8304360085B5CF;
			remoteInfo = RottenTomatoes;
		};
/* End PBXContainerItemProxy section */

/* Begin PBXFileReference section */
		B2F762241A8304370085B5CF /* RottenTomatoes.app */ = {isa = PBXFileReference; explicitFileType = wrapper.application; includeInIndex = 0; path = RottenTomatoes.app; sourceTree = BUILT_PRODUCTS_DIR; };
		B2F762281A8304370085B5CF /* Info.plist */ = {isa = PBXFileReference; lastKnownFileType = text.plist.xml; path = Info.plist; sourceTree = "<group>"; };
		B2F762291A8304370085B5CF /* main.m */ = {isa = PBXFileReference; lastKnownFileType = sourcecode.c.objc; path = main.m; sourceTree = "<group>"; };
		B2F7622B1A8304370085B5CF /* AppDelegate.h */ = {isa = PBXFileReference; lastKnownFileType = sourcecode.c.h; path = AppDelegate.h; sourceTree = "<group>"; };
		B2F7622C1A8304370085B5CF /* AppDelegate.m */ = {isa = PBXFileReference; lastKnownFileType = sourcecode.c.objc; path = AppDelegate.m; sourceTree = "<group>"; };
		B2F7622E1A8304370085B5CF /* ViewController.h */ = {isa = PBXFileReference; lastKnownFileType = sourcecode.c.h; path = ViewController.h; sourceTree = "<group>"; };
		B2F7622F1A8304370085B5CF /* ViewController.m */ = {isa = PBXFileReference; lastKnownFileType = sourcecode.c.objc; path = ViewController.m; sourceTree = "<group>"; };
		B2F762321A8304370085B5CF /* Base */ = {isa = PBXFileReference; lastKnownFileType = file.storyboard; name = Base; path = Base.lproj/Main.storyboard; sourceTree = "<group>"; };
		B2F762341A8304370085B5CF /* Images.xcassets */ = {isa = PBXFileReference; lastKnownFileType = folder.assetcatalog; path = Images.xcassets; sourceTree = "<group>"; };
		B2F762371A8304370085B5CF /* Base */ = {isa = PBXFileReference; lastKnownFileType = file.xib; name = Base; path = Base.lproj/LaunchScreen.xib; sourceTree = "<group>"; };
		B2F7623D1A8304370085B5CF /* RottenTomatoesTests.xctest */ = {isa = PBXFileReference; explicitFileType = wrapper.cfbundle; includeInIndex = 0; path = RottenTomatoesTests.xctest; sourceTree = BUILT_PRODUCTS_DIR; };
		B2F762421A8304370085B5CF /* Info.plist */ = {isa = PBXFileReference; lastKnownFileType = text.plist.xml; path = Info.plist; sourceTree = "<group>"; };
		B2F762431A8304370085B5CF /* RottenTomatoesTests.m */ = {isa = PBXFileReference; lastKnownFileType = sourcecode.c.objc; path = RottenTomatoesTests.m; sourceTree = "<group>"; };
/* End PBXFileReference section */

/* Begin PBXFrameworksBuildPhase section */
		B2F762211A8304360085B5CF /* Frameworks */ = {
			isa = PBXFrameworksBuildPhase;
			buildActionMask = 2147483647;
			files = (
			);
			runOnlyForDeploymentPostprocessing = 0;
		};
		B2F7623A1A8304370085B5CF /* Frameworks */ = {
			isa = PBXFrameworksBuildPhase;
			buildActionMask = 2147483647;
			files = (
			);
			runOnlyForDeploymentPostprocessing = 0;
		};
/* End PBXFrameworksBuildPhase section */

/* Begin PBXGroup section */
		B2F7621B1A8304360085B5CF = {
			isa = PBXGroup;
			children = (
				B2F762261A8304370085B5CF /* RottenTomatoes */,
				B2F762401A8304370085B5CF /* RottenTomatoesTests */,
				B2F762251A8304370085B5CF /* Products */,
			);
			sourceTree = "<group>";
		};
		B2F762251A8304370085B5CF /* Products */ = {
			isa = PBXGroup;
			children = (
				B2F762241A8304370085B5CF /* RottenTomatoes.app */,
				B2F7623D1A8304370085B5CF /* RottenTomatoesTests.xctest */,
			);
			name = Products;
			sourceTree = "<group>";
		};
		B2F762261A8304370085B5CF /* RottenTomatoes */ = {
			isa = PBXGroup;
			children = (
				B2F7622B1A8304370085B5CF /* AppDelegate.h */,
				B2F7622C1A8304370085B5CF /* AppDelegate.m */,
				B2F7622E1A8304370085B5CF /* ViewController.h */,
				B2F7622F1A8304370085B5CF /* ViewController.m */,
				B2F762311A8304370085B5CF /* Main.storyboard */,
				B2F762341A8304370085B5CF /* Images.xcassets */,
				B2F762361A8304370085B5CF /* LaunchScreen.xib */,
				B2F762271A8304370085B5CF /* Supporting Files */,
			);
			path = RottenTomatoes;
			sourceTree = "<group>";
		};
		B2F762271A8304370085B5CF /* Supporting Files */ = {
			isa = PBXGroup;
			children = (
				B2F762281A8304370085B5CF /* Info.plist */,
				B2F762291A8304370085B5CF /* main.m */,
			);
			name = "Supporting Files";
			sourceTree = "<group>";
		};
		B2F762401A8304370085B5CF /* RottenTomatoesTests */ = {
			isa = PBXGroup;
			children = (
				B2F762431A8304370085B5CF /* RottenTomatoesTests.m */,
				B2F762411A8304370085B5CF /* Supporting Files */,
			);
			path = RottenTomatoesTests;
			sourceTree = "<group>";
		};
		B2F762411A8304370085B5CF /* Supporting Files */ = {
			isa = PBXGroup;
			children = (
				B2F762421A8304370085B5CF /* Info.plist */,
			);
			name = "Supporting Files";
			sourceTree = "<group>";
		};
/* End PBXGroup section */

/* Begin PBXNativeTarget section */
		B2F762231A8304360085B5CF /* RottenTomatoes */ = {
			isa = PBXNativeTarget;
			buildConfigurationList = B2F762471A8304370085B5CF /* Build configuration list for PBXNativeTarget "RottenTomatoes" */;
			buildPhases = (
				B2F762201A8304360085B5CF /* Sources */,
				B2F762211A8304360085B5CF /* Frameworks */,
				B2F762221A8304360085B5CF /* Resources */,
			);
			buildRules = (
			);
			dependencies = (
			);
			name = RottenTomatoes;
			productName = RottenTomatoes;
			productReference = B2F762241A8304370085B5CF /* RottenTomatoes.app */;
			productType = "com.apple.product-type.application";
		};
		B2F7623C1A8304370085B5CF /* RottenTomatoesTests */ = {
			isa = PBXNativeTarget;
			buildConfigurationList = B2F7624A1A8304370085B5CF /* Build configuration list for PBXNativeTarget "RottenTomatoesTests" */;
			buildPhases = (
				B2F762391A8304370085B5CF /* Sources */,
				B2F7623A1A8304370085B5CF /* Frameworks */,
				B2F7623B1A8304370085B5CF /* Resources */,
			);
			buildRules = (
			);
			dependencies = (
				B2F7623F1A8304370085B5CF /* PBXTargetDependency */,
			);
			name = RottenTomatoesTests;
			productName = RottenTomatoesTests;
			productReference = B2F7623D1A8304370085B5CF /* RottenTomatoesTests.xctest */;
			productType = "com.apple.product-type.bundle.unit-test";
		};
/* End PBXNativeTarget section */

/* Begin PBXProject section */
		B2F7621C1A8304360085B5CF /* Project object */ = {
			isa = PBXProject;
			attributes = {
				LastUpgradeCheck = 0610;
				ORGANIZATIONNAME = "Charlie Hu";
				TargetAttributes = {
					B2F762231A8304360085B5CF = {
						CreatedOnToolsVersion = 6.1.1;
					};
					B2F7623C1A8304370085B5CF = {
						CreatedOnToolsVersion = 6.1.1;
						TestTargetID = B2F762231A8304360085B5CF;
					};
				};
			};
			buildConfigurationList = B2F7621F1A8304360085B5CF /* Build configuration list for PBXProject "RottenTomatoes" */;
			compatibilityVersion = "Xcode 3.2";
			developmentRegion = English;
			hasScannedForEncodings = 0;
			knownRegions = (
				en,
				Base,
			);
			mainGroup = B2F7621B1A8304360085B5CF;
			productRefGroup = B2F762251A8304370085B5CF /* Products */;
			projectDirPath = "";
			projectRoot = "";
			targets = (
				B2F762231A8304360085B5CF /* RottenTomatoes */,
				B2F7623C1A8304370085B5CF /* RottenTomatoesTests */,
			);
		};
/* End PBXProject section */

/* Begin PBXResourcesBuildPhase section */
		B2F762221A8304360085B5CF /* Resources */ = {
			isa = PBXResourcesBuildPhase;
			buildActionMask = 2147483647;
			files = (
				B2F762331A8304370085B5CF /* Main.storyboard in Resources */,
				B2F762381A8304370085B5CF /* LaunchScreen.xib in Resources */,
				B2F762351A8304370085B5CF /* Images.xcassets in Resources */,
			);
			runOnlyForDeploymentPostprocessing = 0;
		};
		B2F7623B1A8304370085B5CF /* Resources */ = {
			isa = PBXResourcesBuildPhase;
			buildActionMask = 2147483647;
			files = (
			);
			runOnlyForDeploymentPostprocessing = 0;
		};
/* End PBXResourcesBuildPhase section */

/* Begin PBXSourcesBuildPhase section */
		B2F762201A8304360085B5CF /* Sources */ = {
			isa = PBXSourcesBuildPhase;
			buildActionMask = 2147483647;
			files = (
				B2F762301A8304370085B5CF /* ViewController.m in Sources */,
				B2F7622D1A8304370085B5CF /* AppDelegate.m in Sources */,
				B2F7622A1A8304370085B5CF /* main.m in Sources */,
			);
			runOnlyForDeploymentPostprocessing = 0;
		};
		B2F762391A8304370085B5CF /* Sources */ = {
			isa = PBXSourcesBuildPhase;
			buildActionMask = 2147483647;
			files = (
				B2F762441A8304370085B5CF /* RottenTomatoesTests.m in Sources */,
			);
			runOnlyForDeploymentPostprocessing = 0;
		};
/* End PBXSourcesBuildPhase section */

/* Begin PBXTargetDependency section */
		B2F7623F1A8304370085B5CF /* PBXTargetDependency */ = {
			isa = PBXTargetDependency;
			target = B2F762231A8304360085B5CF /* RottenTomatoes */;
			targetProxy = B2F7623E1A8304370085B5CF /* PBXContainerItemProxy */;
		};
/* End PBXTargetDependency section */

/* Begin PBXVariantGroup section */
		B2F762311A8304370085B5CF /* Main.storyboard */ = {
			isa = PBXVariantGroup;
			children = (
				B2F762321A8304370085B5CF /* Base */,
			);
			name = Main.storyboard;
			sourceTree = "<group>";
		};
		B2F762361A8304370085B5CF /* LaunchScreen.xib */ = {
			isa = PBXVariantGroup;
			children = (
				B2F762371A8304370085B5CF /* Base */,
			);
			name = LaunchScreen.xib;
			sourceTree = "<group>";
		};
/* End PBXVariantGroup section */

/* Begin XCBuildConfiguration section */
		B2F762451A8304370085B5CF /* Debug */ = {
			isa = XCBuildConfiguration;
			buildSettings = {
				ALWAYS_SEARCH_USER_PATHS = NO;
				CLANG_CXX_LANGUAGE_STANDARD = "gnu++0x";
				CLANG_CXX_LIBRARY = "libc++";
				CLANG_ENABLE_MODULES = YES;
				CLANG_ENABLE_OBJC_ARC = YES;
				CLANG_WARN_BOOL_CONVERSION = YES;
				CLANG_WARN_CONSTANT_CONVERSION = YES;
				CLANG_WARN_DIRECT_OBJC_ISA_USAGE = YES_ERROR;
				CLANG_WARN_EMPTY_BODY = YES;
				CLANG_WARN_ENUM_CONVERSION = YES;
				CLANG_WARN_INT_CONVERSION = YES;
				CLANG_WARN_OBJC_ROOT_CLASS = YES_ERROR;
				CLANG_WARN_UNREACHABLE_CODE = YES;
				CLANG_WARN__DUPLICATE_METHOD_MATCH = YES;
				"CODE_SIGN_IDENTITY[sdk=iphoneos*]" = "iPhone Developer";
				COPY_PHASE_STRIP = NO;
				ENABLE_STRICT_OBJC_MSGSEND = YES;
				GCC_C_LANGUAGE_STANDARD = gnu99;
				GCC_DYNAMIC_NO_PIC = NO;
				GCC_OPTIMIZATION_LEVEL = 0;
				GCC_PREPROCESSOR_DEFINITIONS = (
					"DEBUG=1",
					"$(inherited)",
				);
				GCC_SYMBOLS_PRIVATE_EXTERN = NO;
				GCC_WARN_64_TO_32_BIT_CONVERSION = YES;
				GCC_WARN_ABOUT_RETURN_TYPE = YES_ERROR;
				GCC_WARN_UNDECLARED_SELECTOR = YES;
				GCC_WARN_UNINITIALIZED_AUTOS = YES_AGGRESSIVE;
				GCC_WARN_UNUSED_FUNCTION = YES;
				GCC_WARN_UNUSED_VARIABLE = YES;
				IPHONEOS_DEPLOYMENT_TARGET = 8.1;
				MTL_ENABLE_DEBUG_INFO = YES;
				ONLY_ACTIVE_ARCH = YES;
				SDKROOT = iphoneos;
			};
			name = Debug;
		};
		B2F762461A8304370085B5CF /* Release */ = {
			isa = XCBuildConfiguration;
			buildSettings = {
				ALWAYS_SEARCH_USER_PATHS = NO;
				CLANG_CXX_LANGUAGE_STANDARD = "gnu++0x";
				CLANG_CXX_LIBRARY = "libc++";
				CLANG_ENABLE_MODULES = YES;
				CLANG_ENABLE_OBJC_ARC = YES;
				CLANG_WARN_BOOL_CONVERSION = YES;
				CLANG_WARN_CONSTANT_CONVERSION = YES;
				CLANG_WARN_DIRECT_OBJC_ISA_USAGE = YES_ERROR;
				CLANG_WARN_EMPTY_BODY = YES;
				CLANG_WARN_ENUM_CONVERSION = YES;
				CLANG_WARN_INT_CONVERSION = YES;
				CLANG_WARN_OBJC_ROOT_CLASS = YES_ERROR;
				CLANG_WARN_UNREACHABLE_CODE = YES;
				CLANG_WARN__DUPLICATE_METHOD_MATCH = YES;
				"CODE_SIGN_IDENTITY[sdk=iphoneos*]" = "iPhone Developer";
				COPY_PHASE_STRIP = YES;
				ENABLE_NS_ASSERTIONS = NO;
				ENABLE_STRICT_OBJC_MSGSEND = YES;
				GCC_C_LANGUAGE_STANDARD = gnu99;
				GCC_WARN_64_TO_32_BIT_CONVERSION = YES;
				GCC_WARN_ABOUT_RETURN_TYPE = YES_ERROR;
				GCC_WARN_UNDECLARED_SELECTOR = YES;
				GCC_WARN_UNINITIALIZED_AUTOS = YES_AGGRESSIVE;
				GCC_WARN_UNUSED_FUNCTION = YES;
				GCC_WARN_UNUSED_VARIABLE = YES;
				IPHONEOS_DEPLOYMENT_TARGET = 8.1;
				MTL_ENABLE_DEBUG_INFO = NO;
				SDKROOT = iphoneos;
				VALIDATE_PRODUCT = YES;
			};
			name = Release;
		};
		B2F762481A8304370085B5CF /* Debug */ = {
			isa = XCBuildConfiguration;
			buildSettings = {
				ASSETCATALOG_COMPILER_APPICON_NAME = AppIcon;
				INFOPLIST_FILE = RottenTomatoes/Info.plist;
				LD_RUNPATH_SEARCH_PATHS = "$(inherited) @executable_path/Frameworks";
				PRODUCT_NAME = "$(TARGET_NAME)";
			};
			name = Debug;
		};
		B2F762491A8304370085B5CF /* Release */ = {
			isa = XCBuildConfiguration;
			buildSettings = {
				ASSETCATALOG_COMPILER_APPICON_NAME = AppIcon;
				INFOPLIST_FILE = RottenTomatoes/Info.plist;
				LD_RUNPATH_SEARCH_PATHS = "$(inherited) @executable_path/Frameworks";
				PRODUCT_NAME = "$(TARGET_NAME)";
			};
			name = Release;
		};
		B2F7624B1A8304370085B5CF /* Debug */ = {
			isa = XCBuildConfiguration;
			buildSettings = {
				BUNDLE_LOADER = "$(TEST_HOST)";
				FRAMEWORK_SEARCH_PATHS = (
					"$(SDKROOT)/Developer/Library/Frameworks",
					"$(inherited)",
				);
				GCC_PREPROCESSOR_DEFINITIONS = (
					"DEBUG=1",
					"$(inherited)",
				);
				INFOPLIST_FILE = RottenTomatoesTests/Info.plist;
				LD_RUNPATH_SEARCH_PATHS = "$(inherited) @executable_path/Frameworks @loader_path/Frameworks";
				PRODUCT_NAME = "$(TARGET_NAME)";
				TEST_HOST = "$(BUILT_PRODUCTS_DIR)/RottenTomatoes.app/RottenTomatoes";
			};
			name = Debug;
		};
		B2F7624C1A8304370085B5CF /* Release */ = {
			isa = XCBuildConfiguration;
			buildSettings = {
				BUNDLE_LOADER = "$(TEST_HOST)";
				FRAMEWORK_SEARCH_PATHS = (
					"$(SDKROOT)/Developer/Library/Frameworks",
					"$(inherited)",
				);
				INFOPLIST_FILE = RottenTomatoesTests/Info.plist;
				LD_RUNPATH_SEARCH_PATHS = "$(inherited) @executable_path/Frameworks @loader_path/Frameworks";
				PRODUCT_NAME = "$(TARGET_NAME)";
				TEST_HOST = "$(BUILT_PRODUCTS_DIR)/RottenTomatoes.app/RottenTomatoes";
			};
			name = Release;
		};
/* End XCBuildConfiguration section */

/* Begin XCConfigurationList section */
		B2F7621F1A8304360085B5CF /* Build configuration list for PBXProject "RottenTomatoes" */ = {
			isa = XCConfigurationList;
			buildConfigurations = (
				B2F762451A8304370085B5CF /* Debug */,
				B2F762461A8304370085B5CF /* Release */,
			);
			defaultConfigurationIsVisible = 0;
			defaultConfigurationName = Release;
		};
		B2F762471A8304370085B5CF /* Build configuration list for PBXNativeTarget "RottenTomatoes" */ = {
			isa = XCConfigurationList;
			buildConfigurations = (
				B2F762481A8304370085B5CF /* Debug */,
				B2F762491A8304370085B5CF /* Release */,
			);
			defaultConfigurationIsVisible = 0;
		};
		B2F7624A1A8304370085B5CF /* Build configuration list for PBXNativeTarget "RottenTomatoesTests" */ = {
			isa = XCConfigurationList;
			buildConfigurations = (
				B2F7624B1A8304370085B5CF /* Debug */,
				B2F7624C1A8304370085B5CF /* Release */,
			);
			defaultConfigurationIsVisible = 0;
		};
/* End XCConfigurationList section */
	};
	rootObject = B2F7621C1A8304360085B5CF /* Project object */;
}
